// !$*UTF8*$!
{
	archiveVersion = 1;
	classes = {
	};
	objectVersion = 50;
	objects = {

/* Begin PBXBuildFile section */
		AC016D83255889C50062111A /* FavViewController.swift in Sources */ = {isa = PBXBuildFile; fileRef = AC016D82255889C50062111A /* FavViewController.swift */; };
		ACF894C925574D7300E1F403 /* AppDelegate.swift in Sources */ = {isa = PBXBuildFile; fileRef = ACF894C825574D7300E1F403 /* AppDelegate.swift */; };
		ACF894CB25574D7300E1F403 /* SceneDelegate.swift in Sources */ = {isa = PBXBuildFile; fileRef = ACF894CA25574D7300E1F403 /* SceneDelegate.swift */; };
		ACF894CD25574D7300E1F403 /* ViewController.swift in Sources */ = {isa = PBXBuildFile; fileRef = ACF894CC25574D7300E1F403 /* ViewController.swift */; };
		ACF894D025574D7300E1F403 /* Main.storyboard in Resources */ = {isa = PBXBuildFile; fileRef = ACF894CE25574D7300E1F403 /* Main.storyboard */; };
		ACF894D225574D7400E1F403 /* Assets.xcassets in Resources */ = {isa = PBXBuildFile; fileRef = ACF894D125574D7400E1F403 /* Assets.xcassets */; };
		ACF894D525574D7400E1F403 /* LaunchScreen.storyboard in Resources */ = {isa = PBXBuildFile; fileRef = ACF894D325574D7400E1F403 /* LaunchScreen.storyboard */; };
		ACF894E3255794F500E1F403 /* DetailedViewController.swift in Sources */ = {isa = PBXBuildFile; fileRef = ACF894E2255794F500E1F403 /* DetailedViewController.swift */; };
/* End PBXBuildFile section */

/* Begin PBXFileReference section */
		AC016D82255889C50062111A /* FavViewController.swift */ = {isa = PBXFileReference; lastKnownFileType = sourcecode.swift; path = FavViewController.swift; sourceTree = "<group>"; };
		ACF894C525574D7300E1F403 /* KienTa-Lab4.app */ = {isa = PBXFileReference; explicitFileType = wrapper.application; includeInIndex = 0; path = "KienTa-Lab4.app"; sourceTree = BUILT_PRODUCTS_DIR; };
		ACF894C825574D7300E1F403 /* AppDelegate.swift */ = {isa = PBXFileReference; lastKnownFileType = sourcecode.swift; path = AppDelegate.swift; sourceTree = "<group>"; };
		ACF894CA25574D7300E1F403 /* SceneDelegate.swift */ = {isa = PBXFileReference; lastKnownFileType = sourcecode.swift; path = SceneDelegate.swift; sourceTree = "<group>"; };
		ACF894CC25574D7300E1F403 /* ViewController.swift */ = {isa = PBXFileReference; lastKnownFileType = sourcecode.swift; path = ViewController.swift; sourceTree = "<group>"; };
		ACF894CF25574D7300E1F403 /* Base */ = {isa = PBXFileReference; lastKnownFileType = file.storyboard; name = Base; path = Base.lproj/Main.storyboard; sourceTree = "<group>"; };
		ACF894D125574D7400E1F403 /* Assets.xcassets */ = {isa = PBXFileReference; lastKnownFileType = folder.assetcatalog; path = Assets.xcassets; sourceTree = "<group>"; };
		ACF894D425574D7400E1F403 /* Base */ = {isa = PBXFileReference; lastKnownFileType = file.storyboard; name = Base; path = Base.lproj/LaunchScreen.storyboard; sourceTree = "<group>"; };
		ACF894D625574D7400E1F403 /* Info.plist */ = {isa = PBXFileReference; lastKnownFileType = text.plist.xml; path = Info.plist; sourceTree = "<group>"; };
		ACF894E2255794F500E1F403 /* DetailedViewController.swift */ = {isa = PBXFileReference; lastKnownFileType = sourcecode.swift; path = DetailedViewController.swift; sourceTree = "<group>"; };
/* End PBXFileReference section */

/* Begin PBXFrameworksBuildPhase section */
		ACF894C225574D7300E1F403 /* Frameworks */ = {
			isa = PBXFrameworksBuildPhase;
			buildActionMask = 2147483647;
			files = (
			);
			runOnlyForDeploymentPostprocessing = 0;
		};
/* End PBXFrameworksBuildPhase section */

/* Begin PBXGroup section */
		ACF894BC25574D7300E1F403 = {
			isa = PBXGroup;
			children = (
				ACF894C725574D7300E1F403 /* KienTa-Lab4 */,
				ACF894C625574D7300E1F403 /* Products */,
			);
			sourceTree = "<group>";
		};
		ACF894C625574D7300E1F403 /* Products */ = {
			isa = PBXGroup;
			children = (
				ACF894C525574D7300E1F403 /* KienTa-Lab4.app */,
			);
			name = Products;
			sourceTree = "<group>";
		};
		ACF894C725574D7300E1F403 /* KienTa-Lab4 */ = {
			isa = PBXGroup;
			children = (
				ACF894E2255794F500E1F403 /* DetailedViewController.swift */,
				ACF894C825574D7300E1F403 /* AppDelegate.swift */,
				ACF894CA25574D7300E1F403 /* SceneDelegate.swift */,
				ACF894CC25574D7300E1F403 /* ViewController.swift */,
				AC016D82255889C50062111A /* FavViewController.swift */,
				ACF894CE25574D7300E1F403 /* Main.storyboard */,
				ACF894D125574D7400E1F403 /* Assets.xcassets */,
				ACF894D325574D7400E1F403 /* LaunchScreen.storyboard */,
				ACF894D625574D7400E1F403 /* Info.plist */,
			);
			path = "KienTa-Lab4";
			sourceTree = "<group>";
		};
/* End PBXGroup section */

/* Begin PBXNativeTarget section */
		ACF894C425574D7300E1F403 /* KienTa-Lab4 */ = {
			isa = PBXNativeTarget;
			buildConfigurationList = ACF894D925574D7400E1F403 /* Build configuration list for PBXNativeTarget "KienTa-Lab4" */;
			buildPhases = (
				ACF894C125574D7300E1F403 /* Sources */,
				ACF894C225574D7300E1F403 /* Frameworks */,
				ACF894C325574D7300E1F403 /* Resources */,
			);
			buildRules = (
			);
			dependencies = (
			);
			name = "KienTa-Lab4";
			productName = "KienTa-Lab4";
			productReference = ACF894C525574D7300E1F403 /* KienTa-Lab4.app */;
			productType = "com.apple.product-type.application";
		};
/* End PBXNativeTarget section */

/* Begin PBXProject section */
		ACF894BD25574D7300E1F403 /* Project object */ = {
			isa = PBXProject;
			attributes = {
				LastSwiftUpdateCheck = 1150;
				LastUpgradeCheck = 1150;
				ORGANIZATIONNAME = "Kien Ta";
				TargetAttributes = {
					ACF894C425574D7300E1F403 = {
						CreatedOnToolsVersion = 11.5;
					};
				};
			};
			buildConfigurationList = ACF894C025574D7300E1F403 /* Build configuration list for PBXProject "KienTa-Lab4" */;
			compatibilityVersion = "Xcode 9.3";
			developmentRegion = en;
			hasScannedForEncodings = 0;
			knownRegions = (
				en,
				Base,
			);
			mainGroup = ACF894BC25574D7300E1F403;
			productRefGroup = ACF894C625574D7300E1F403 /* Products */;
			projectDirPath = "";
			projectRoot = "";
			targets = (
				ACF894C425574D7300E1F403 /* KienTa-Lab4 */,
			);
		};
/* End PBXProject section */

/* Begin PBXResourcesBuildPhase section */
		ACF894C325574D7300E1F403 /* Resources */ = {
			isa = PBXResourcesBuildPhase;
			buildActionMask = 2147483647;
			files = (
				ACF894D525574D7400E1F403 /* LaunchScreen.storyboard in Resources */,
				ACF894D225574D7400E1F403 /* Assets.xcassets in Resources */,
				ACF894D025574D7300E1F403 /* Main.storyboard in Resources */,
			);
			runOnlyForDeploymentPostprocessing = 0;
		};
/* End PBXResourcesBuildPhase section */

/* Begin PBXSourcesBuildPhase section */
		ACF894C125574D7300E1F403 /* Sources */ = {
			isa = PBXSourcesBuildPhase;
			buildActionMask = 2147483647;
			files = (
				ACF894CD25574D7300E1F403 /* ViewController.swift in Sources */,
				ACF894C925574D7300E1F403 /* AppDelegate.swift in Sources */,
				ACF894E3255794F500E1F403 /* DetailedViewController.swift in Sources */,
				AC016D83255889C50062111A /* FavViewController.swift in Sources */,
				ACF894CB25574D7300E1F403 /* SceneDelegate.swift in Sources */,
			);
			runOnlyForDeploymentPostprocessing = 0;
		};
/* End PBXSourcesBuildPhase section */

/* Begin PBXVariantGroup section */
		ACF894CE25574D7300E1F403 /* Main.storyboard */ = {
			isa = PBXVariantGroup;
			children = (
				ACF894CF25574D7300E1F403 /* Base */,
			);
			name = Main.storyboard;
			sourceTree = "<group>";
		};
		ACF894D325574D7400E1F403 /* LaunchScreen.storyboard */ = {
			isa = PBXVariantGroup;
			children = (
				ACF894D425574D7400E1F403 /* Base */,
			);
			name = LaunchScreen.storyboard;
			sourceTree = "<group>";
		};
/* End PBXVariantGroup section */

/* Begin XCBuildConfiguration section */
		ACF894D725574D7400E1F403 /* Debug */ = {
			isa = XCBuildConfiguration;
			buildSettings = {
				ALWAYS_SEARCH_USER_PATHS = NO;
				CLANG_ANALYZER_NONNULL = YES;
				CLANG_ANALYZER_NUMBER_OBJECT_CONVERSION = YES_AGGRESSIVE;
				CLANG_CXX_LANGUAGE_STANDARD = "gnu++14";
				CLANG_CXX_LIBRARY = "libc++";
				CLANG_ENABLE_MODULES = YES;
				CLANG_ENABLE_OBJC_ARC = YES;
				CLANG_ENABLE_OBJC_WEAK = YES;
				CLANG_WARN_BLOCK_CAPTURE_AUTORELEASING = YES;
				CLANG_WARN_BOOL_CONVERSION = YES;
				CLANG_WARN_COMMA = YES;
				CLANG_WARN_CONSTANT_CONVERSION = YES;
				CLANG_WARN_DEPRECATED_OBJC_IMPLEMENTATIONS = YES;
				CLANG_WARN_DIRECT_OBJC_ISA_USAGE = YES_ERROR;
				CLANG_WARN_DOCUMENTATION_COMMENTS = YES;
				CLANG_WARN_EMPTY_BODY = YES;
				CLANG_WARN_ENUM_CONVERSION = YES;
				CLANG_WARN_INFINITE_RECURSION = YES;
				CLANG_WARN_INT_CONVERSION = YES;
				CLANG_WARN_NON_LITERAL_NULL_CONVERSION = YES;
				CLANG_WARN_OBJC_IMPLICIT_RETAIN_SELF = YES;
				CLANG_WARN_OBJC_LITERAL_CONVERSION = YES;
				CLANG_WARN_OBJC_ROOT_CLASS = YES_ERROR;
				CLANG_WARN_RANGE_LOOP_ANALYSIS = YES;
				CLANG_WARN_STRICT_PROTOTYPES = YES;
				CLANG_WARN_SUSPICIOUS_MOVE = YES;
				CLANG_WARN_UNGUARDED_AVAILABILITY = YES_AGGRESSIVE;
				CLANG_WARN_UNREACHABLE_CODE = YES;
				CLANG_WARN__DUPLICATE_METHOD_MATCH = YES;
				COPY_PHASE_STRIP = NO;
				DEBUG_INFORMATION_FORMAT = dwarf;
				ENABLE_STRICT_OBJC_MSGSEND = YES;
				ENABLE_TESTABILITY = YES;
				GCC_C_LANGUAGE_STANDARD = gnu11;
				GCC_DYNAMIC_NO_PIC = NO;
				GCC_NO_COMMON_BLOCKS = YES;
				GCC_OPTIMIZATION_LEVEL = 0;
				GCC_PREPROCESSOR_DEFINITIONS = (
					"DEBUG=1",
					"$(inherited)",
				);
				GCC_WARN_64_TO_32_BIT_CONVERSION = YES;
				GCC_WARN_ABOUT_RETURN_TYPE = YES_ERROR;
				GCC_WARN_UNDECLARED_SELECTOR = YES;
				GCC_WARN_UNINITIALIZED_AUTOS = YES_AGGRESSIVE;
				GCC_WARN_UNUSED_FUNCTION = YES;
				GCC_WARN_UNUSED_VARIABLE = YES;
				IPHONEOS_DEPLOYMENT_TARGET = 13.5;
				MTL_ENABLE_DEBUG_INFO = INCLUDE_SOURCE;
				MTL_FAST_MATH = YES;
				ONLY_ACTIVE_ARCH = YES;
				SDKROOT = iphoneos;
				SWIFT_ACTIVE_COMPILATION_CONDITIONS = DEBUG;
				SWIFT_OPTIMIZATION_LEVEL = "-Onone";
			};
			name = Debug;
		};
		ACF894D825574D7400E1F403 /* Release */ = {
			isa = XCBuildConfiguration;
			buildSettings = {
				ALWAYS_SEARCH_USER_PATHS = NO;
				CLANG_ANALYZER_NONNULL = YES;
				CLANG_ANALYZER_NUMBER_OBJECT_CONVERSION = YES_AGGRESSIVE;
				CLANG_CXX_LANGUAGE_STANDARD = "gnu++14";
				CLANG_CXX_LIBRARY = "libc++";
				CLANG_ENABLE_MODULES = YES;
				CLANG_ENABLE_OBJC_ARC = YES;
				CLANG_ENABLE_OBJC_WEAK = YES;
				CLANG_WARN_BLOCK_CAPTURE_AUTORELEASING = YES;
				CLANG_WARN_BOOL_CONVERSION = YES;
				CLANG_WARN_COMMA = YES;
				CLANG_WARN_CONSTANT_CONVERSION = YES;
				CLANG_WARN_DEPRECATED_OBJC_IMPLEMENTATIONS = YES;
				CLANG_WARN_DIRECT_OBJC_ISA_USAGE = YES_ERROR;
				CLANG_WARN_DOCUMENTATION_COMMENTS = YES;
				CLANG_WARN_EMPTY_BODY = YES;
				CLANG_WARN_ENUM_CONVERSION = YES;
				CLANG_WARN_INFINITE_RECURSION = YES;
				CLANG_WARN_INT_CONVERSION = YES;
				CLANG_WARN_NON_LITERAL_NULL_CONVERSION = YES;
				CLANG_WARN_OBJC_IMPLICIT_RETAIN_SELF = YES;
				CLANG_WARN_OBJC_LITERAL_CONVERSION = YES;
				CLANG_WARN_OBJC_ROOT_CLASS = YES_ERROR;
				CLANG_WARN_RANGE_LOOP_ANALYSIS = YES;
				CLANG_WARN_STRICT_PROTOTYPES = YES;
				CLANG_WARN_SUSPICIOUS_MOVE = YES;
				CLANG_WARN_UNGUARDED_AVAILABILITY = YES_AGGRESSIVE;
				CLANG_WARN_UNREACHABLE_CODE = YES;
				CLANG_WARN__DUPLICATE_METHOD_MATCH = YES;
				COPY_PHASE_STRIP = NO;
				DEBUG_INFORMATION_FORMAT = "dwarf-with-dsym";
				ENABLE_NS_ASSERTIONS = NO;
				ENABLE_STRICT_OBJC_MSGSEND = YES;
				GCC_C_LANGUAGE_STANDARD = gnu11;
				GCC_NO_COMMON_BLOCKS = YES;
				GCC_WARN_64_TO_32_BIT_CONVERSION = YES;
				GCC_WARN_ABOUT_RETURN_TYPE = YES_ERROR;
				GCC_WARN_UNDECLARED_SELECTOR = YES;
				GCC_WARN_UNINITIALIZED_AUTOS = YES_AGGRESSIVE;
				GCC_WARN_UNUSED_FUNCTION = YES;
				GCC_WARN_UNUSED_VARIABLE = YES;
				IPHONEOS_DEPLOYMENT_TARGET = 13.5;
				MTL_ENABLE_DEBUG_INFO = NO;
				MTL_FAST_MATH = YES;
				SDKROOT = iphoneos;
				SWIFT_COMPILATION_MODE = wholemodule;
				SWIFT_OPTIMIZATION_LEVEL = "-O";
				VALIDATE_PRODUCT = YES;
			};
			name = Release;
		};
		ACF894DA25574D7400E1F403 /* Debug */ = {
			isa = XCBuildConfiguration;
			buildSettings = {
				ASSETCATALOG_COMPILER_APPICON_NAME = AppIcon;
				CODE_SIGN_STYLE = Automatic;
				INFOPLIST_FILE = "KienTa-Lab4/Info.plist";
				LD_RUNPATH_SEARCH_PATHS = (
					"$(inherited)",
					"@executable_path/Frameworks",
				);
				PRODUCT_BUNDLE_IDENTIFIER = "kien.KienTa-Lab4";
				PRODUCT_NAME = "$(TARGET_NAME)";
				SWIFT_VERSION = 5.0;
				TARGETED_DEVICE_FAMILY = "1,2";
			};
			name = Debug;
		};
		ACF894DB25574D7400E1F403 /* Release */ = {
			isa = XCBuildConfiguration;
			buildSettings = {
				ASSETCATALOG_COMPILER_APPICON_NAME = AppIcon;
				CODE_SIGN_STYLE = Automatic;
				INFOPLIST_FILE = "KienTa-Lab4/Info.plist";
				LD_RUNPATH_SEARCH_PATHS = (
					"$(inherited)",
					"@executable_path/Frameworks",
				);
				PRODUCT_BUNDLE_IDENTIFIER = "kien.KienTa-Lab4";
				PRODUCT_NAME = "$(TARGET_NAME)";
				SWIFT_VERSION = 5.0;
				TARGETED_DEVICE_FAMILY = "1,2";
			};
			name = Release;
		};
/* End XCBuildConfiguration section */

/* Begin XCConfigurationList section */
		ACF894C025574D7300E1F403 /* Build configuration list for PBXProject "KienTa-Lab4" */ = {
			isa = XCConfigurationList;
			buildConfigurations = (
				ACF894D725574D7400E1F403 /* Debug */,
				ACF894D825574D7400E1F403 /* Release */,
			);
			defaultConfigurationIsVisible = 0;
			defaultConfigurationName = Release;
		};
		ACF894D925574D7400E1F403 /* Build configuration list for PBXNativeTarget "KienTa-Lab4" */ = {
			isa = XCConfigurationList;
			buildConfigurations = (
				ACF894DA25574D7400E1F403 /* Debug */,
				ACF894DB25574D7400E1F403 /* Release */,
			);
			defaultConfigurationIsVisible = 0;
			defaultConfigurationName = Release;
		};
/* End XCConfigurationList section */
	};
	rootObject = ACF894BD25574D7300E1F403 /* Project object */;
}
